github.com/OsagieDG/mlog v1.0.0 h1:J2oZUrZ1bXr/j8giZzwea5fu2045usKVsNvv1yzrDT0=
github.com/OsagieDG/mlog v1.0.0/go.mod h1:Cqstk5Rk+dscZyL661JwqKrlUVjZkue8FRUOs2jrDGs=
github.com/go-chi/chi/v5 v5.2.0 h1:Aj1EtB0qR2Rdo2dG4O94RIU35w2lvQSj6BRA4+qwFL0=
github.com/go-chi/chi/v5 v5.2.0/go.mod h1:DslCQbL2OYiznFReuXYUmQ2hGd1aDpCnlMNITLSKoi8=
